// !$*UTF8*$!
{
	archiveVersion = 1;
	classes = {
	};
	objectVersion = 77;
	objects = {

/* Begin PBXBuildFile section */
		03AE74EA2E1B41110037287E /* WidgetKit.framework in Frameworks */ = {isa = PBXBuildFile; fileRef = 03AE74852E1B38B70037287E /* WidgetKit.framework */; };
		03AE74EB2E1B41110037287E /* SwiftUI.framework in Frameworks */ = {isa = PBXBuildFile; fileRef = 03AE74872E1B38B70037287E /* SwiftUI.framework */; };
		03AE74FA2E1B41150037287E /* TwinMindWidgetExtensionExtension.appex in Embed Foundation Extensions */ = {isa = PBXBuildFile; fileRef = 03AE74E92E1B41100037287E /* TwinMindWidgetExtensionExtension.appex */; settings = {ATTRIBUTES = (RemoveHeadersOnCopy, ); }; };
/* End PBXBuildFile section */

/* Begin PBXContainerItemProxy section */
		039648182E14DE0000DC509B /* PBXContainerItemProxy */ = {
			isa = PBXContainerItemProxy;
			containerPortal = 039648002E14DDFD00DC509B /* Project object */;
			proxyType = 1;
			remoteGlobalIDString = 039648072E14DDFD00DC509B;
			remoteInfo = TwinMind;
		};
		039648222E14DE0000DC509B /* PBXContainerItemProxy */ = {
			isa = PBXContainerItemProxy;
			containerPortal = 039648002E14DDFD00DC509B /* Project object */;
			proxyType = 1;
			remoteGlobalIDString = 039648072E14DDFD00DC509B;
			remoteInfo = TwinMind;
		};
		03AE74F82E1B41150037287E /* PBXContainerItemProxy */ = {
			isa = PBXContainerItemProxy;
			containerPortal = 039648002E14DDFD00DC509B /* Project object */;
			proxyType = 1;
			remoteGlobalIDString = 03AE74E82E1B41100037287E;
			remoteInfo = TwinMindWidgetExtensionExtension;
		};
/* End PBXContainerItemProxy section */

/* Begin PBXCopyFilesBuildPhase section */
		03AE749C2E1B38BD0037287E /* Embed Foundation Extensions */ = {
			isa = PBXCopyFilesBuildPhase;
			buildActionMask = 2147483647;
			dstPath = "";
			dstSubfolderSpec = 13;
			files = (
				03AE74FA2E1B41150037287E /* TwinMindWidgetExtensionExtension.appex in Embed Foundation Extensions */,
			);
			name = "Embed Foundation Extensions";
			runOnlyForDeploymentPostprocessing = 0;
		};
/* End PBXCopyFilesBuildPhase section */

/* Begin PBXFileReference section */
		039648082E14DDFD00DC509B /* TwinMind.app */ = {isa = PBXFileReference; explicitFileType = wrapper.application; includeInIndex = 0; path = TwinMind.app; sourceTree = BUILT_PRODUCTS_DIR; };
		039648172E14DE0000DC509B /* TwinMindTests.xctest */ = {isa = PBXFileReference; explicitFileType = wrapper.cfbundle; includeInIndex = 0; path = TwinMindTests.xctest; sourceTree = BUILT_PRODUCTS_DIR; };
		039648212E14DE0000DC509B /* TwinMindUITests.xctest */ = {isa = PBXFileReference; explicitFileType = wrapper.cfbundle; includeInIndex = 0; path = TwinMindUITests.xctest; sourceTree = BUILT_PRODUCTS_DIR; };
		03AE74852E1B38B70037287E /* WidgetKit.framework */ = {isa = PBXFileReference; lastKnownFileType = wrapper.framework; name = WidgetKit.framework; path = System/Library/Frameworks/WidgetKit.framework; sourceTree = SDKROOT; };
		03AE74872E1B38B70037287E /* SwiftUI.framework */ = {isa = PBXFileReference; lastKnownFileType = wrapper.framework; name = SwiftUI.framework; path = System/Library/Frameworks/SwiftUI.framework; sourceTree = SDKROOT; };
		03AE74E92E1B41100037287E /* TwinMindWidgetExtensionExtension.appex */ = {isa = PBXFileReference; explicitFileType = "wrapper.app-extension"; includeInIndex = 0; path = TwinMindWidgetExtensionExtension.appex; sourceTree = BUILT_PRODUCTS_DIR; };
		03AE75012E1B41320037287E /* TwinMindWidgetExtensionExtension.entitlements */ = {isa = PBXFileReference; lastKnownFileType = text.plist.entitlements; path = TwinMindWidgetExtensionExtension.entitlements; sourceTree = "<group>"; };
/* End PBXFileReference section */

/* Begin PBXFileSystemSynchronizedBuildFileExceptionSet section */
		03AE740B2E175F0A0037287E /* Exceptions for "TwinMind" folder in "TwinMind" target */ = {
			isa = PBXFileSystemSynchronizedBuildFileExceptionSet;
			membershipExceptions = (
				Info.plist,
			);
			target = 039648072E14DDFD00DC509B /* TwinMind */;
		};
		03AE75092E1B42D90037287E /* Exceptions for "TwinMindWidgetExtension" folder in "TwinMindWidgetExtensionExtension" target */ = {
			isa = PBXFileSystemSynchronizedBuildFileExceptionSet;
			membershipExceptions = (
				Info.plist,
			);
			target = 03AE74E82E1B41100037287E /* TwinMindWidgetExtensionExtension */;
		};
/* End PBXFileSystemSynchronizedBuildFileExceptionSet section */

/* Begin PBXFileSystemSynchronizedRootGroup section */
		0396480A2E14DDFD00DC509B /* TwinMind */ = {
			isa = PBXFileSystemSynchronizedRootGroup;
			exceptions = (
				03AE740B2E175F0A0037287E /* Exceptions for "TwinMind" folder in "TwinMind" target */,
			);
			path = TwinMind;
			sourceTree = "<group>";
		};
		0396481A2E14DE0000DC509B /* TwinMindTests */ = {
			isa = PBXFileSystemSynchronizedRootGroup;
			path = TwinMindTests;
			sourceTree = "<group>";
		};
		039648242E14DE0000DC509B /* TwinMindUITests */ = {
			isa = PBXFileSystemSynchronizedRootGroup;
			path = TwinMindUITests;
			sourceTree = "<group>";
		};
		03AE74CE2E1B3EC90037287E /* TwinMindWidgetExtension */ = {
			isa = PBXFileSystemSynchronizedRootGroup;
			exceptions = (
				03AE75092E1B42D90037287E /* Exceptions for "TwinMindWidgetExtension" folder in "TwinMindWidgetExtensionExtension" target */,
			);
			path = TwinMindWidgetExtension;
			sourceTree = "<group>";
		};
/* End PBXFileSystemSynchronizedRootGroup section */

/* Begin PBXFrameworksBuildPhase section */
		039648052E14DDFD00DC509B /* Frameworks */ = {
			isa = PBXFrameworksBuildPhase;
			buildActionMask = 2147483647;
			files = (
			);
			runOnlyForDeploymentPostprocessing = 0;
		};
		039648142E14DE0000DC509B /* Frameworks */ = {
			isa = PBXFrameworksBuildPhase;
			buildActionMask = 2147483647;
			files = (
			);
			runOnlyForDeploymentPostprocessing = 0;
		};
		0396481E2E14DE0000DC509B /* Frameworks */ = {
			isa = PBXFrameworksBuildPhase;
			buildActionMask = 2147483647;
			files = (
			);
			runOnlyForDeploymentPostprocessing = 0;
		};
		03AE74E62E1B41100037287E /* Frameworks */ = {
			isa = PBXFrameworksBuildPhase;
			buildActionMask = 2147483647;
			files = (
				03AE74EB2E1B41110037287E /* SwiftUI.framework in Frameworks */,
				03AE74EA2E1B41110037287E /* WidgetKit.framework in Frameworks */,
			);
			runOnlyForDeploymentPostprocessing = 0;
		};
/* End PBXFrameworksBuildPhase section */

/* Begin PBXGroup section */
		039647FF2E14DDFD00DC509B = {
			isa = PBXGroup;
			children = (
				03AE75012E1B41320037287E /* TwinMindWidgetExtensionExtension.entitlements */,
				0396480A2E14DDFD00DC509B /* TwinMind */,
				0396481A2E14DE0000DC509B /* TwinMindTests */,
				039648242E14DE0000DC509B /* TwinMindUITests */,
				03AE74CE2E1B3EC90037287E /* TwinMindWidgetExtension */,
				03AE74842E1B38B70037287E /* Frameworks */,
				039648092E14DDFD00DC509B /* Products */,
			);
			sourceTree = "<group>";
		};
		039648092E14DDFD00DC509B /* Products */ = {
			isa = PBXGroup;
			children = (
				039648082E14DDFD00DC509B /* TwinMind.app */,
				039648172E14DE0000DC509B /* TwinMindTests.xctest */,
				039648212E14DE0000DC509B /* TwinMindUITests.xctest */,
				03AE74E92E1B41100037287E /* TwinMindWidgetExtensionExtension.appex */,
			);
			name = Products;
			sourceTree = "<group>";
		};
		03AE74842E1B38B70037287E /* Frameworks */ = {
			isa = PBXGroup;
			children = (
				03AE74852E1B38B70037287E /* WidgetKit.framework */,
				03AE74872E1B38B70037287E /* SwiftUI.framework */,
			);
			name = Frameworks;
			sourceTree = "<group>";
		};
/* End PBXGroup section */

/* Begin PBXNativeTarget section */
		039648072E14DDFD00DC509B /* TwinMind */ = {
			isa = PBXNativeTarget;
			buildConfigurationList = 0396482B2E14DE0000DC509B /* Build configuration list for PBXNativeTarget "TwinMind" */;
			buildPhases = (
				039648042E14DDFD00DC509B /* Sources */,
				039648052E14DDFD00DC509B /* Frameworks */,
				039648062E14DDFD00DC509B /* Resources */,
				03AE749C2E1B38BD0037287E /* Embed Foundation Extensions */,
			);
			buildRules = (
			);
			dependencies = (
				03AE74F92E1B41150037287E /* PBXTargetDependency */,
			);
			fileSystemSynchronizedGroups = (
				0396480A2E14DDFD00DC509B /* TwinMind */,
			);
			name = TwinMind;
			packageProductDependencies = (
			);
			productName = TwinMind;
			productReference = 039648082E14DDFD00DC509B /* TwinMind.app */;
			productType = "com.apple.product-type.application";
		};
		039648162E14DE0000DC509B /* TwinMindTests */ = {
			isa = PBXNativeTarget;
			buildConfigurationList = 0396482E2E14DE0000DC509B /* Build configuration list for PBXNativeTarget "TwinMindTests" */;
			buildPhases = (
				039648132E14DE0000DC509B /* Sources */,
				039648142E14DE0000DC509B /* Frameworks */,
				039648152E14DE0000DC509B /* Resources */,
			);
			buildRules = (
			);
			dependencies = (
				039648192E14DE0000DC509B /* PBXTargetDependency */,
			);
			fileSystemSynchronizedGroups = (
				0396481A2E14DE0000DC509B /* TwinMindTests */,
			);
			name = TwinMindTests;
			packageProductDependencies = (
			);
			productName = TwinMindTests;
			productReference = 039648172E14DE0000DC509B /* TwinMindTests.xctest */;
			productType = "com.apple.product-type.bundle.unit-test";
		};
		039648202E14DE0000DC509B /* TwinMindUITests */ = {
			isa = PBXNativeTarget;
			buildConfigurationList = 039648312E14DE0000DC509B /* Build configuration list for PBXNativeTarget "TwinMindUITests" */;
			buildPhases = (
				0396481D2E14DE0000DC509B /* Sources */,
				0396481E2E14DE0000DC509B /* Frameworks */,
				0396481F2E14DE0000DC509B /* Resources */,
			);
			buildRules = (
			);
			dependencies = (
				039648232E14DE0000DC509B /* PBXTargetDependency */,
			);
			fileSystemSynchronizedGroups = (
				039648242E14DE0000DC509B /* TwinMindUITests */,
			);
			name = TwinMindUITests;
			packageProductDependencies = (
			);
			productName = TwinMindUITests;
			productReference = 039648212E14DE0000DC509B /* TwinMindUITests.xctest */;
			productType = "com.apple.product-type.bundle.ui-testing";
		};
		03AE74E82E1B41100037287E /* TwinMindWidgetExtensionExtension */ = {
			isa = PBXNativeTarget;
			buildConfigurationList = 03AE74FB2E1B41150037287E /* Build configuration list for PBXNativeTarget "TwinMindWidgetExtensionExtension" */;
			buildPhases = (
				03AE74E52E1B41100037287E /* Sources */,
				03AE74E62E1B41100037287E /* Frameworks */,
				03AE74E72E1B41100037287E /* Resources */,
			);
			buildRules = (
			);
			dependencies = (
			);
			fileSystemSynchronizedGroups = (
				03AE74CE2E1B3EC90037287E /* TwinMindWidgetExtension */,
			);
			name = TwinMindWidgetExtensionExtension;
			packageProductDependencies = (
			);
			productName = TwinMindWidgetExtensionExtension;
			productReference = 03AE74E92E1B41100037287E /* TwinMindWidgetExtensionExtension.appex */;
			productType = "com.apple.product-type.app-extension";
		};
/* End PBXNativeTarget section */

/* Begin PBXProject section */
		039648002E14DDFD00DC509B /* Project object */ = {
			isa = PBXProject;
			attributes = {
				BuildIndependentTargetsInParallel = 1;
				LastSwiftUpdateCheck = 1640;
				LastUpgradeCheck = 1640;
				TargetAttributes = {
					039648072E14DDFD00DC509B = {
						CreatedOnToolsVersion = 16.4;
					};
					039648162E14DE0000DC509B = {
						CreatedOnToolsVersion = 16.4;
						TestTargetID = 039648072E14DDFD00DC509B;
					};
					039648202E14DE0000DC509B = {
						CreatedOnToolsVersion = 16.4;
						TestTargetID = 039648072E14DDFD00DC509B;
					};
					03AE74E82E1B41100037287E = {
						CreatedOnToolsVersion = 16.4;
					};
				};
			};
			buildConfigurationList = 039648032E14DDFD00DC509B /* Build configuration list for PBXProject "TwinMind" */;
			developmentRegion = en;
			hasScannedForEncodings = 0;
			knownRegions = (
				en,
				Base,
			);
			mainGroup = 039647FF2E14DDFD00DC509B;
			minimizedProjectReferenceProxies = 1;
			preferredProjectObjectVersion = 77;
			productRefGroup = 039648092E14DDFD00DC509B /* Products */;
			projectDirPath = "";
			projectRoot = "";
			targets = (
				039648072E14DDFD00DC509B /* TwinMind */,
				039648162E14DE0000DC509B /* TwinMindTests */,
				039648202E14DE0000DC509B /* TwinMindUITests */,
				03AE74E82E1B41100037287E /* TwinMindWidgetExtensionExtension */,
			);
		};
/* End PBXProject section */

/* Begin PBXResourcesBuildPhase section */
		039648062E14DDFD00DC509B /* Resources */ = {
			isa = PBXResourcesBuildPhase;
			buildActionMask = 2147483647;
			files = (
			);
			runOnlyForDeploymentPostprocessing = 0;
		};
		039648152E14DE0000DC509B /* Resources */ = {
			isa = PBXResourcesBuildPhase;
			buildActionMask = 2147483647;
			files = (
			);
			runOnlyForDeploymentPostprocessing = 0;
		};
		0396481F2E14DE0000DC509B /* Resources */ = {
			isa = PBXResourcesBuildPhase;
			buildActionMask = 2147483647;
			files = (
			);
			runOnlyForDeploymentPostprocessing = 0;
		};
		03AE74E72E1B41100037287E /* Resources */ = {
			isa = PBXResourcesBuildPhase;
			buildActionMask = 2147483647;
			files = (
			);
			runOnlyForDeploymentPostprocessing = 0;
		};
/* End PBXResourcesBuildPhase section */

/* Begin PBXSourcesBuildPhase section */
		039648042E14DDFD00DC509B /* Sources */ = {
			isa = PBXSourcesBuildPhase;
			buildActionMask = 2147483647;
			files = (
			);
			runOnlyForDeploymentPostprocessing = 0;
		};
		039648132E14DE0000DC509B /* Sources */ = {
			isa = PBXSourcesBuildPhase;
			buildActionMask = 2147483647;
			files = (
			);
			runOnlyForDeploymentPostprocessing = 0;
		};
		0396481D2E14DE0000DC509B /* Sources */ = {
			isa = PBXSourcesBuildPhase;
			buildActionMask = 2147483647;
			files = (
			);
			runOnlyForDeploymentPostprocessing = 0;
		};
		03AE74E52E1B41100037287E /* Sources */ = {
			isa = PBXSourcesBuildPhase;
			buildActionMask = 2147483647;
			files = (
			);
			runOnlyForDeploymentPostprocessing = 0;
		};
/* End PBXSourcesBuildPhase section */

/* Begin PBXTargetDependency section */
		039648192E14DE0000DC509B /* PBXTargetDependency */ = {
			isa = PBXTargetDependency;
			target = 039648072E14DDFD00DC509B /* TwinMind */;
			targetProxy = 039648182E14DE0000DC509B /* PBXContainerItemProxy */;
		};
		039648232E14DE0000DC509B /* PBXTargetDependency */ = {
			isa = PBXTargetDependency;
			target = 039648072E14DDFD00DC509B /* TwinMind */;
			targetProxy = 039648222E14DE0000DC509B /* PBXContainerItemProxy */;
		};
		03AE74F92E1B41150037287E /* PBXTargetDependency */ = {
			isa = PBXTargetDependency;
			target = 03AE74E82E1B41100037287E /* TwinMindWidgetExtensionExtension */;
			targetProxy = 03AE74F82E1B41150037287E /* PBXContainerItemProxy */;
		};
/* End PBXTargetDependency section */

/* Begin XCBuildConfiguration section */
		039648292E14DE0000DC509B /* Debug */ = {
			isa = XCBuildConfiguration;
			buildSettings = {
				ALWAYS_SEARCH_USER_PATHS = NO;
				ASSETCATALOG_COMPILER_GENERATE_SWIFT_ASSET_SYMBOL_EXTENSIONS = YES;
				CLANG_ANALYZER_NONNULL = YES;
				CLANG_ANALYZER_NUMBER_OBJECT_CONVERSION = YES_AGGRESSIVE;
				CLANG_CXX_LANGUAGE_STANDARD = "gnu++20";
				CLANG_ENABLE_MODULES = YES;
				CLANG_ENABLE_OBJC_ARC = YES;
				CLANG_ENABLE_OBJC_WEAK = YES;
				CLANG_WARN_BLOCK_CAPTURE_AUTORELEASING = YES;
				CLANG_WARN_BOOL_CONVERSION = YES;
				CLANG_WARN_COMMA = YES;
				CLANG_WARN_CONSTANT_CONVERSION = YES;
				CLANG_WARN_DEPRECATED_OBJC_IMPLEMENTATIONS = YES;
				CLANG_WARN_DIRECT_OBJC_ISA_USAGE = YES_ERROR;
				CLANG_WARN_DOCUMENTATION_COMMENTS = YES;
				CLANG_WARN_EMPTY_BODY = YES;
				CLANG_WARN_ENUM_CONVERSION = YES;
				CLANG_WARN_INFINITE_RECURSION = YES;
				CLANG_WARN_INT_CONVERSION = YES;
				CLANG_WARN_NON_LITERAL_NULL_CONVERSION = YES;
				CLANG_WARN_OBJC_IMPLICIT_RETAIN_SELF = YES;
				CLANG_WARN_OBJC_LITERAL_CONVERSION = YES;
				CLANG_WARN_OBJC_ROOT_CLASS = YES_ERROR;
				CLANG_WARN_QUOTED_INCLUDE_IN_FRAMEWORK_HEADER = YES;
				CLANG_WARN_RANGE_LOOP_ANALYSIS = YES;
				CLANG_WARN_STRICT_PROTOTYPES = YES;
				CLANG_WARN_SUSPICIOUS_MOVE = YES;
				CLANG_WARN_UNGUARDED_AVAILABILITY = YES_AGGRESSIVE;
				CLANG_WARN_UNREACHABLE_CODE = YES;
				CLANG_WARN__DUPLICATE_METHOD_MATCH = YES;
				COPY_PHASE_STRIP = NO;
				DEBUG_INFORMATION_FORMAT = dwarf;
				DEVELOPMENT_TEAM = 8M2R6Y78JV;
				ENABLE_STRICT_OBJC_MSGSEND = YES;
				ENABLE_TESTABILITY = YES;
				ENABLE_USER_SCRIPT_SANDBOXING = YES;
				GCC_C_LANGUAGE_STANDARD = gnu17;
				GCC_DYNAMIC_NO_PIC = NO;
				GCC_NO_COMMON_BLOCKS = YES;
				GCC_OPTIMIZATION_LEVEL = 0;
				GCC_PREPROCESSOR_DEFINITIONS = (
					"DEBUG=1",
					"$(inherited)",
				);
				GCC_WARN_64_TO_32_BIT_CONVERSION = YES;
				GCC_WARN_ABOUT_RETURN_TYPE = YES_ERROR;
				GCC_WARN_UNDECLARED_SELECTOR = YES;
				GCC_WARN_UNINITIALIZED_AUTOS = YES_AGGRESSIVE;
				GCC_WARN_UNUSED_FUNCTION = YES;
				GCC_WARN_UNUSED_VARIABLE = YES;
				IPHONEOS_DEPLOYMENT_TARGET = 18.5;
				LOCALIZATION_PREFERS_STRING_CATALOGS = YES;
				MTL_ENABLE_DEBUG_INFO = INCLUDE_SOURCE;
				MTL_FAST_MATH = YES;
				ONLY_ACTIVE_ARCH = YES;
				SDKROOT = iphoneos;
				SWIFT_ACTIVE_COMPILATION_CONDITIONS = "DEBUG $(inherited)";
				SWIFT_OPTIMIZATION_LEVEL = "-Onone";
			};
			name = Debug;
		};
		0396482A2E14DE0000DC509B /* Release */ = {
			isa = XCBuildConfiguration;
			buildSettings = {
				ALWAYS_SEARCH_USER_PATHS = NO;
				ASSETCATALOG_COMPILER_GENERATE_SWIFT_ASSET_SYMBOL_EXTENSIONS = YES;
				CLANG_ANALYZER_NONNULL = YES;
				CLANG_ANALYZER_NUMBER_OBJECT_CONVERSION = YES_AGGRESSIVE;
				CLANG_CXX_LANGUAGE_STANDARD = "gnu++20";
				CLANG_ENABLE_MODULES = YES;
				CLANG_ENABLE_OBJC_ARC = YES;
				CLANG_ENABLE_OBJC_WEAK = YES;
				CLANG_WARN_BLOCK_CAPTURE_AUTORELEASING = YES;
				CLANG_WARN_BOOL_CONVERSION = YES;
				CLANG_WARN_COMMA = YES;
				CLANG_WARN_CONSTANT_CONVERSION = YES;
				CLANG_WARN_DEPRECATED_OBJC_IMPLEMENTATIONS = YES;
				CLANG_WARN_DIRECT_OBJC_ISA_USAGE = YES_ERROR;
				CLANG_WARN_DOCUMENTATION_COMMENTS = YES;
				CLANG_WARN_EMPTY_BODY = YES;
				CLANG_WARN_ENUM_CONVERSION = YES;
				CLANG_WARN_INFINITE_RECURSION = YES;
				CLANG_WARN_INT_CONVERSION = YES;
				CLANG_WARN_NON_LITERAL_NULL_CONVERSION = YES;
				CLANG_WARN_OBJC_IMPLICIT_RETAIN_SELF = YES;
				CLANG_WARN_OBJC_LITERAL_CONVERSION = YES;
				CLANG_WARN_OBJC_ROOT_CLASS = YES_ERROR;
				CLANG_WARN_QUOTED_INCLUDE_IN_FRAMEWORK_HEADER = YES;
				CLANG_WARN_RANGE_LOOP_ANALYSIS = YES;
				CLANG_WARN_STRICT_PROTOTYPES = YES;
				CLANG_WARN_SUSPICIOUS_MOVE = YES;
				CLANG_WARN_UNGUARDED_AVAILABILITY = YES_AGGRESSIVE;
				CLANG_WARN_UNREACHABLE_CODE = YES;
				CLANG_WARN__DUPLICATE_METHOD_MATCH = YES;
				COPY_PHASE_STRIP = NO;
				DEBUG_INFORMATION_FORMAT = "dwarf-with-dsym";
				DEVELOPMENT_TEAM = 8M2R6Y78JV;
				ENABLE_NS_ASSERTIONS = NO;
				ENABLE_STRICT_OBJC_MSGSEND = YES;
				ENABLE_USER_SCRIPT_SANDBOXING = YES;
				GCC_C_LANGUAGE_STANDARD = gnu17;
				GCC_NO_COMMON_BLOCKS = YES;
				GCC_WARN_64_TO_32_BIT_CONVERSION = YES;
				GCC_WARN_ABOUT_RETURN_TYPE = YES_ERROR;
				GCC_WARN_UNDECLARED_SELECTOR = YES;
				GCC_WARN_UNINITIALIZED_AUTOS = YES_AGGRESSIVE;
				GCC_WARN_UNUSED_FUNCTION = YES;
				GCC_WARN_UNUSED_VARIABLE = YES;
				IPHONEOS_DEPLOYMENT_TARGET = 18.5;
				LOCALIZATION_PREFERS_STRING_CATALOGS = YES;
				MTL_ENABLE_DEBUG_INFO = NO;
				MTL_FAST_MATH = YES;
				SDKROOT = iphoneos;
				SWIFT_COMPILATION_MODE = wholemodule;
				VALIDATE_PRODUCT = YES;
			};
			name = Release;
		};
		0396482C2E14DE0000DC509B /* Debug */ = {
			isa = XCBuildConfiguration;
			buildSettings = {
				ASSETCATALOG_COMPILER_APPICON_NAME = AppIcon;
				ASSETCATALOG_COMPILER_GLOBAL_ACCENT_COLOR_NAME = AccentColor;
				CODE_SIGN_ENTITLEMENTS = TwinMind/TwinMind.entitlements;
				CODE_SIGN_STYLE = Automatic;
				CURRENT_PROJECT_VERSION = 1;
				DEVELOPMENT_TEAM = 8M2R6Y78JV;
				ENABLE_PREVIEWS = YES;
				GENERATE_INFOPLIST_FILE = YES;
				INFOPLIST_FILE = TwinMind/Info.plist;
				INFOPLIST_KEY_NSMicrophoneUsageDescription = "TwinMind records audio so it can transcribe and summarize your conversation.";
				INFOPLIST_KEY_NSSpeechRecognitionUsageDescription = "TwinMind converts your recordings to text on this device.";
				INFOPLIST_KEY_UIApplicationSceneManifest_Generation = YES;
				INFOPLIST_KEY_UIApplicationSupportsIndirectInputEvents = YES;
				INFOPLIST_KEY_UILaunchScreen_Generation = YES;
				INFOPLIST_KEY_UISupportedInterfaceOrientations_iPad = "UIInterfaceOrientationPortrait UIInterfaceOrientationPortraitUpsideDown UIInterfaceOrientationLandscapeLeft UIInterfaceOrientationLandscapeRight";
				INFOPLIST_KEY_UISupportedInterfaceOrientations_iPhone = "UIInterfaceOrientationPortrait UIInterfaceOrientationLandscapeLeft UIInterfaceOrientationLandscapeRight";
				LD_RUNPATH_SEARCH_PATHS = (
					"$(inherited)",
					"@executable_path/Frameworks",
				);
				MARKETING_VERSION = 1.0;
				PRODUCT_BUNDLE_IDENTIFIER = com.gizastudios.TwinMind;
				PRODUCT_NAME = "$(TARGET_NAME)";
				SWIFT_EMIT_LOC_STRINGS = YES;
				SWIFT_VERSION = 5.0;
				TARGETED_DEVICE_FAMILY = "1,2";
			};
			name = Debug;
		};
		0396482D2E14DE0000DC509B /* Release */ = {
			isa = XCBuildConfiguration;
			buildSettings = {
				ASSETCATALOG_COMPILER_APPICON_NAME = AppIcon;
				ASSETCATALOG_COMPILER_GLOBAL_ACCENT_COLOR_NAME = AccentColor;
				CODE_SIGN_ENTITLEMENTS = TwinMind/TwinMind.entitlements;
				CODE_SIGN_STYLE = Automatic;
				CURRENT_PROJECT_VERSION = 1;
				DEVELOPMENT_TEAM = 8M2R6Y78JV;
				ENABLE_PREVIEWS = YES;
				GENERATE_INFOPLIST_FILE = YES;
				INFOPLIST_FILE = TwinMind/Info.plist;
				INFOPLIST_KEY_NSMicrophoneUsageDescription = "TwinMind records audio so it can transcribe and summarize your conversation.";
				INFOPLIST_KEY_NSSpeechRecognitionUsageDescription = "TwinMind converts your recordings to text on this device.";
				INFOPLIST_KEY_UIApplicationSceneManifest_Generation = YES;
				INFOPLIST_KEY_UIApplicationSupportsIndirectInputEvents = YES;
				INFOPLIST_KEY_UILaunchScreen_Generation = YES;
				INFOPLIST_KEY_UISupportedInterfaceOrientations_iPad = "UIInterfaceOrientationPortrait UIInterfaceOrientationPortraitUpsideDown UIInterfaceOrientationLandscapeLeft UIInterfaceOrientationLandscapeRight";
				INFOPLIST_KEY_UISupportedInterfaceOrientations_iPhone = "UIInterfaceOrientationPortrait UIInterfaceOrientationLandscapeLeft UIInterfaceOrientationLandscapeRight";
				LD_RUNPATH_SEARCH_PATHS = (
					"$(inherited)",
					"@executable_path/Frameworks",
				);
				MARKETING_VERSION = 1.0;
				PRODUCT_BUNDLE_IDENTIFIER = com.gizastudios.TwinMind;
				PRODUCT_NAME = "$(TARGET_NAME)";
				SWIFT_EMIT_LOC_STRINGS = YES;
				SWIFT_VERSION = 5.0;
				TARGETED_DEVICE_FAMILY = "1,2";
			};
			name = Release;
		};
		0396482F2E14DE0000DC509B /* Debug */ = {
			isa = XCBuildConfiguration;
			buildSettings = {
				BUNDLE_LOADER = "$(TEST_HOST)";
				CODE_SIGN_STYLE = Automatic;
				CURRENT_PROJECT_VERSION = 1;
				DEVELOPMENT_TEAM = 8M2R6Y78JV;
				GENERATE_INFOPLIST_FILE = YES;
				IPHONEOS_DEPLOYMENT_TARGET = 18.5;
				MARKETING_VERSION = 1.0;
				PRODUCT_BUNDLE_IDENTIFIER = com.gizastudios.TwinMindTests;
				PRODUCT_NAME = "$(TARGET_NAME)";
				SWIFT_EMIT_LOC_STRINGS = NO;
				SWIFT_VERSION = 5.0;
				TARGETED_DEVICE_FAMILY = "1,2";
				TEST_HOST = "$(BUILT_PRODUCTS_DIR)/TwinMind.app/$(BUNDLE_EXECUTABLE_FOLDER_PATH)/TwinMind";
			};
			name = Debug;
		};
		039648302E14DE0000DC509B /* Release */ = {
			isa = XCBuildConfiguration;
			buildSettings = {
				BUNDLE_LOADER = "$(TEST_HOST)";
				CODE_SIGN_STYLE = Automatic;
				CURRENT_PROJECT_VERSION = 1;
				DEVELOPMENT_TEAM = 8M2R6Y78JV;
				GENERATE_INFOPLIST_FILE = YES;
				IPHONEOS_DEPLOYMENT_TARGET = 18.5;
				MARKETING_VERSION = 1.0;
				PRODUCT_BUNDLE_IDENTIFIER = com.gizastudios.TwinMindTests;
				PRODUCT_NAME = "$(TARGET_NAME)";
				SWIFT_EMIT_LOC_STRINGS = NO;
				SWIFT_VERSION = 5.0;
				TARGETED_DEVICE_FAMILY = "1,2";
				TEST_HOST = "$(BUILT_PRODUCTS_DIR)/TwinMind.app/$(BUNDLE_EXECUTABLE_FOLDER_PATH)/TwinMind";
			};
			name = Release;
		};
		039648322E14DE0000DC509B /* Debug */ = {
			isa = XCBuildConfiguration;
			buildSettings = {
				CODE_SIGN_STYLE = Automatic;
				CURRENT_PROJECT_VERSION = 1;
				DEVELOPMENT_TEAM = 8M2R6Y78JV;
				GENERATE_INFOPLIST_FILE = YES;
				MARKETING_VERSION = 1.0;
				PRODUCT_BUNDLE_IDENTIFIER = com.gizastudios.TwinMindUITests;
				PRODUCT_NAME = "$(TARGET_NAME)";
				SWIFT_EMIT_LOC_STRINGS = NO;
				SWIFT_VERSION = 5.0;
				TARGETED_DEVICE_FAMILY = "1,2";
				TEST_TARGET_NAME = TwinMind;
			};
			name = Debug;
		};
		039648332E14DE0000DC509B /* Release */ = {
			isa = XCBuildConfiguration;
			buildSettings = {
				CODE_SIGN_STYLE = Automatic;
				CURRENT_PROJECT_VERSION = 1;
				DEVELOPMENT_TEAM = 8M2R6Y78JV;
				GENERATE_INFOPLIST_FILE = YES;
				MARKETING_VERSION = 1.0;
				PRODUCT_BUNDLE_IDENTIFIER = com.gizastudios.TwinMindUITests;
				PRODUCT_NAME = "$(TARGET_NAME)";
				SWIFT_EMIT_LOC_STRINGS = NO;
				SWIFT_VERSION = 5.0;
				TARGETED_DEVICE_FAMILY = "1,2";
				TEST_TARGET_NAME = TwinMind;
			};
			name = Release;
		};
		03AE74FC2E1B41150037287E /* Debug */ = {
			isa = XCBuildConfiguration;
			buildSettings = {
				ASSETCATALOG_COMPILER_GLOBAL_ACCENT_COLOR_NAME = AccentColor;
				ASSETCATALOG_COMPILER_WIDGET_BACKGROUND_COLOR_NAME = WidgetBackground;
				CODE_SIGN_ENTITLEMENTS = TwinMindWidgetExtensionExtension.entitlements;
				CODE_SIGN_STYLE = Automatic;
				CURRENT_PROJECT_VERSION = 1;
				DEVELOPMENT_TEAM = 8M2R6Y78JV;
				GENERATE_INFOPLIST_FILE = YES;
				INFOPLIST_FILE = TwinMindWidgetExtension/Info.plist;
				INFOPLIST_KEY_CFBundleDisplayName = TwinMindWidgetExtension;
				INFOPLIST_KEY_NSHumanReadableCopyright = "";
				LD_RUNPATH_SEARCH_PATHS = (
					"$(inherited)",
					"@executable_path/Frameworks",
					"@executable_path/../../Frameworks",
				);
				MARKETING_VERSION = 1.0;
				PRODUCT_BUNDLE_IDENTIFIER = com.gizastudios.TwinMind.widget;
				PRODUCT_NAME = "$(TARGET_NAME)";
				SKIP_INSTALL = YES;
				SWIFT_EMIT_LOC_STRINGS = YES;
				SWIFT_VERSION = 5.0;
				TARGETED_DEVICE_FAMILY = "1,2";
			};
			name = Debug;
		};
		03AE74FD2E1B41150037287E /* Release */ = {
			isa = XCBuildConfiguration;
			buildSettings = {
				ASSETCATALOG_COMPILER_GLOBAL_ACCENT_COLOR_NAME = AccentColor;
				ASSETCATALOG_COMPILER_WIDGET_BACKGROUND_COLOR_NAME = WidgetBackground;
				CODE_SIGN_ENTITLEMENTS = TwinMindWidgetExtensionExtension.entitlements;
				CODE_SIGN_STYLE = Automatic;
				CURRENT_PROJECT_VERSION = 1;
				DEVELOPMENT_TEAM = 8M2R6Y78JV;
				GENERATE_INFOPLIST_FILE = YES;
				INFOPLIST_FILE = TwinMindWidgetExtension/Info.plist;
				INFOPLIST_KEY_CFBundleDisplayName = TwinMindWidgetExtension;
				INFOPLIST_KEY_NSHumanReadableCopyright = "";
				LD_RUNPATH_SEARCH_PATHS = (
					"$(inherited)",
					"@executable_path/Frameworks",
					"@executable_path/../../Frameworks",
				);
				MARKETING_VERSION = 1.0;
				PRODUCT_BUNDLE_IDENTIFIER = com.gizastudios.TwinMind.widget;
				PRODUCT_NAME = "$(TARGET_NAME)";
				SKIP_INSTALL = YES;
				SWIFT_EMIT_LOC_STRINGS = YES;
				SWIFT_VERSION = 5.0;
				TARGETED_DEVICE_FAMILY = "1,2";
			};
			name = Release;
		};
/* End XCBuildConfiguration section */

/* Begin XCConfigurationList section */
		039648032E14DDFD00DC509B /* Build configuration list for PBXProject "TwinMind" */ = {
			isa = XCConfigurationList;
			buildConfigurations = (
				039648292E14DE0000DC509B /* Debug */,
				0396482A2E14DE0000DC509B /* Release */,
			);
			defaultConfigurationIsVisible = 0;
			defaultConfigurationName = Release;
		};
		0396482B2E14DE0000DC509B /* Build configuration list for PBXNativeTarget "TwinMind" */ = {
			isa = XCConfigurationList;
			buildConfigurations = (
				0396482C2E14DE0000DC509B /* Debug */,
				0396482D2E14DE0000DC509B /* Release */,
			);
			defaultConfigurationIsVisible = 0;
			defaultConfigurationName = Release;
		};
		0396482E2E14DE0000DC509B /* Build configuration list for PBXNativeTarget "TwinMindTests" */ = {
			isa = XCConfigurationList;
			buildConfigurations = (
				0396482F2E14DE0000DC509B /* Debug */,
				039648302E14DE0000DC509B /* Release */,
			);
			defaultConfigurationIsVisible = 0;
			defaultConfigurationName = Release;
		};
		039648312E14DE0000DC509B /* Build configuration list for PBXNativeTarget "TwinMindUITests" */ = {
			isa = XCConfigurationList;
			buildConfigurations = (
				039648322E14DE0000DC509B /* Debug */,
				039648332E14DE0000DC509B /* Release */,
			);
			defaultConfigurationIsVisible = 0;
			defaultConfigurationName = Release;
		};
		03AE74FB2E1B41150037287E /* Build configuration list for PBXNativeTarget "TwinMindWidgetExtensionExtension" */ = {
			isa = XCConfigurationList;
			buildConfigurations = (
				03AE74FC2E1B41150037287E /* Debug */,
				03AE74FD2E1B41150037287E /* Release */,
			);
			defaultConfigurationIsVisible = 0;
			defaultConfigurationName = Release;
		};
/* End XCConfigurationList section */
	};
	rootObject = 039648002E14DDFD00DC509B /* Project object */;
}
